// !$*UTF8*$!
{
	archiveVersion = 1;
	classes = {
	};
	objectVersion = 48;
	objects = {

/* Begin PBXBuildFile section */
		916D1DAF1F4F4823002266D3 /* AppDelegate.swift in Sources */ = {isa = PBXBuildFile; fileRef = 916D1DAE1F4F4823002266D3 /* AppDelegate.swift */; };
		916D1DB11F4F4823002266D3 /* ViewController.swift in Sources */ = {isa = PBXBuildFile; fileRef = 916D1DB01F4F4823002266D3 /* ViewController.swift */; };
		916D1DB41F4F4823002266D3 /* Main.storyboard in Resources */ = {isa = PBXBuildFile; fileRef = 916D1DB21F4F4823002266D3 /* Main.storyboard */; };
		916D1DB61F4F4823002266D3 /* Assets.xcassets in Resources */ = {isa = PBXBuildFile; fileRef = 916D1DB51F4F4823002266D3 /* Assets.xcassets */; };
		916D1DB91F4F4823002266D3 /* LaunchScreen.storyboard in Resources */ = {isa = PBXBuildFile; fileRef = 916D1DB71F4F4823002266D3 /* LaunchScreen.storyboard */; };
		916D1DC11F4F4A06002266D3 /* Resnet50.mlmodel in Sources */ = {isa = PBXBuildFile; fileRef = 916D1DC01F4F482E002266D3 /* Resnet50.mlmodel */; };
/* End PBXBuildFile section */

/* Begin PBXFileReference section */
		916D1DAB1F4F4823002266D3 /* MLFun.app */ = {isa = PBXFileReference; explicitFileType = wrapper.application; includeInIndex = 0; path = MLFun.app; sourceTree = BUILT_PRODUCTS_DIR; };
		916D1DAE1F4F4823002266D3 /* AppDelegate.swift */ = {isa = PBXFileReference; lastKnownFileType = sourcecode.swift; path = AppDelegate.swift; sourceTree = "<group>"; };
		916D1DB01F4F4823002266D3 /* ViewController.swift */ = {isa = PBXFileReference; lastKnownFileType = sourcecode.swift; path = ViewController.swift; sourceTree = "<group>"; };
		916D1DB31F4F4823002266D3 /* Base */ = {isa = PBXFileReference; lastKnownFileType = file.storyboard; name = Base; path = Base.lproj/Main.storyboard; sourceTree = "<group>"; };
		916D1DB51F4F4823002266D3 /* Assets.xcassets */ = {isa = PBXFileReference; lastKnownFileType = folder.assetcatalog; path = Assets.xcassets; sourceTree = "<group>"; };
		916D1DB81F4F4823002266D3 /* Base */ = {isa = PBXFileReference; lastKnownFileType = file.storyboard; name = Base; path = Base.lproj/LaunchScreen.storyboard; sourceTree = "<group>"; };
		916D1DBA1F4F4823002266D3 /* Info.plist */ = {isa = PBXFileReference; lastKnownFileType = text.plist.xml; path = Info.plist; sourceTree = "<group>"; };
		916D1DC01F4F482E002266D3 /* Resnet50.mlmodel */ = {isa = PBXFileReference; lastKnownFileType = file.mlmodel; path = Resnet50.mlmodel; sourceTree = "<group>"; };
/* End PBXFileReference section */

/* Begin PBXFrameworksBuildPhase section */
		916D1DA81F4F4823002266D3 /* Frameworks */ = {
			isa = PBXFrameworksBuildPhase;
			buildActionMask = 2147483647;
			files = (
			);
			runOnlyForDeploymentPostprocessing = 0;
		};
/* End PBXFrameworksBuildPhase section */

/* Begin PBXGroup section */
		916D1DA21F4F4823002266D3 = {
			isa = PBXGroup;
			children = (
				916D1DAD1F4F4823002266D3 /* MLFun */,
				916D1DAC1F4F4823002266D3 /* Products */,
			);
			sourceTree = "<group>";
		};
		916D1DAC1F4F4823002266D3 /* Products */ = {
			isa = PBXGroup;
			children = (
				916D1DAB1F4F4823002266D3 /* MLFun.app */,
			);
			name = Products;
			sourceTree = "<group>";
		};
		916D1DAD1F4F4823002266D3 /* MLFun */ = {
			isa = PBXGroup;
			children = (
				916D1DC01F4F482E002266D3 /* Resnet50.mlmodel */,
				916D1DAE1F4F4823002266D3 /* AppDelegate.swift */,
				916D1DB01F4F4823002266D3 /* ViewController.swift */,
				916D1DB21F4F4823002266D3 /* Main.storyboard */,
				916D1DB51F4F4823002266D3 /* Assets.xcassets */,
				916D1DB71F4F4823002266D3 /* LaunchScreen.storyboard */,
				916D1DBA1F4F4823002266D3 /* Info.plist */,
			);
			path = MLFun;
			sourceTree = "<group>";
		};
/* End PBXGroup section */

/* Begin PBXNativeTarget section */
		916D1DAA1F4F4823002266D3 /* MLFun */ = {
			isa = PBXNativeTarget;
			buildConfigurationList = 916D1DBD1F4F4823002266D3 /* Build configuration list for PBXNativeTarget "MLFun" */;
			buildPhases = (
				916D1DA71F4F4823002266D3 /* Sources */,
				916D1DA81F4F4823002266D3 /* Frameworks */,
				916D1DA91F4F4823002266D3 /* Resources */,
			);
			buildRules = (
			);
			dependencies = (
			);
			name = MLFun;
			productName = MLFun;
			productReference = 916D1DAB1F4F4823002266D3 /* MLFun.app */;
			productType = "com.apple.product-type.application";
		};
/* End PBXNativeTarget section */

/* Begin PBXProject section */
		916D1DA31F4F4823002266D3 /* Project object */ = {
			isa = PBXProject;
			attributes = {
				LastSwiftUpdateCheck = 0900;
				LastUpgradeCheck = 0900;
				ORGANIZATIONNAME = "Aimee Anderson";
				TargetAttributes = {
					916D1DAA1F4F4823002266D3 = {
						CreatedOnToolsVersion = 9.0;
						ProvisioningStyle = Automatic;
					};
				};
			};
			buildConfigurationList = 916D1DA61F4F4823002266D3 /* Build configuration list for PBXProject "MLFun" */;
			compatibilityVersion = "Xcode 8.0";
			developmentRegion = en;
			hasScannedForEncodings = 0;
			knownRegions = (
				en,
				Base,
			);
			mainGroup = 916D1DA21F4F4823002266D3;
			productRefGroup = 916D1DAC1F4F4823002266D3 /* Products */;
			projectDirPath = "";
			projectRoot = "";
			targets = (
				916D1DAA1F4F4823002266D3 /* MLFun */,
			);
		};
/* End PBXProject section */

/* Begin PBXResourcesBuildPhase section */
		916D1DA91F4F4823002266D3 /* Resources */ = {
			isa = PBXResourcesBuildPhase;
			buildActionMask = 2147483647;
			files = (
				916D1DB91F4F4823002266D3 /* LaunchScreen.storyboard in Resources */,
				916D1DB61F4F4823002266D3 /* Assets.xcassets in Resources */,
				916D1DB41F4F4823002266D3 /* Main.storyboard in Resources */,
			);
			runOnlyForDeploymentPostprocessing = 0;
		};
/* End PBXResourcesBuildPhase section */

/* Begin PBXSourcesBuildPhase section */
		916D1DA71F4F4823002266D3 /* Sources */ = {
			isa = PBXSourcesBuildPhase;
			buildActionMask = 2147483647;
			files = (
				916D1DB11F4F4823002266D3 /* ViewController.swift in Sources */,
				916D1DC11F4F4A06002266D3 /* Resnet50.mlmodel in Sources */,
				916D1DAF1F4F4823002266D3 /* AppDelegate.swift in Sources */,
			);
			runOnlyForDeploymentPostprocessing = 0;
		};
/* End PBXSourcesBuildPhase section */

/* Begin PBXVariantGroup section */
		916D1DB21F4F4823002266D3 /* Main.storyboard */ = {
			isa = PBXVariantGroup;
			children = (
				916D1DB31F4F4823002266D3 /* Base */,
			);
			name = Main.storyboard;
			sourceTree = "<group>";
		};
		916D1DB71F4F4823002266D3 /* LaunchScreen.storyboard */ = {
			isa = PBXVariantGroup;
			children = (
				916D1DB81F4F4823002266D3 /* Base */,
			);
			name = LaunchScreen.storyboard;
			sourceTree = "<group>";
		};
/* End PBXVariantGroup section */

/* Begin XCBuildConfiguration section */
		916D1DBB1F4F4823002266D3 /* Debug */ = {
			isa = XCBuildConfiguration;
			buildSettings = {
				ALWAYS_SEARCH_USER_PATHS = NO;
				CLANG_ANALYZER_NONNULL = YES;
				CLANG_ANALYZER_NUMBER_OBJECT_CONVERSION = YES_AGGRESSIVE;
				CLANG_CXX_LANGUAGE_STANDARD = "gnu++14";
				CLANG_CXX_LIBRARY = "libc++";
				CLANG_ENABLE_MODULES = YES;
				CLANG_ENABLE_OBJC_ARC = YES;
				CLANG_WARN_BLOCK_CAPTURE_AUTORELEASING = YES;
				CLANG_WARN_BOOL_CONVERSION = YES;
				CLANG_WARN_COMMA = YES;
				CLANG_WARN_CONSTANT_CONVERSION = YES;
				CLANG_WARN_DIRECT_OBJC_ISA_USAGE = YES_ERROR;
				CLANG_WARN_DOCUMENTATION_COMMENTS = YES;
				CLANG_WARN_EMPTY_BODY = YES;
				CLANG_WARN_ENUM_CONVERSION = YES;
				CLANG_WARN_INFINITE_RECURSION = YES;
				CLANG_WARN_INT_CONVERSION = YES;
				CLANG_WARN_NON_LITERAL_NULL_CONVERSION = YES;
				CLANG_WARN_OBJC_LITERAL_CONVERSION = YES;
				CLANG_WARN_OBJC_ROOT_CLASS = YES_ERROR;
				CLANG_WARN_RANGE_LOOP_ANALYSIS = YES;
				CLANG_WARN_STRICT_PROTOTYPES = YES;
				CLANG_WARN_SUSPICIOUS_MOVE = YES;
				CLANG_WARN_UNGUARDED_AVAILABILITY = YES_AGGRESSIVE;
				CLANG_WARN_UNREACHABLE_CODE = YES;
				CLANG_WARN__DUPLICATE_METHOD_MATCH = YES;
				CODE_SIGN_IDENTITY = "iPhone Developer";
				COPY_PHASE_STRIP = NO;
				DEBUG_INFORMATION_FORMAT = dwarf;
				ENABLE_STRICT_OBJC_MSGSEND = YES;
				ENABLE_TESTABILITY = YES;
				GCC_C_LANGUAGE_STANDARD = gnu11;
				GCC_DYNAMIC_NO_PIC = NO;
				GCC_NO_COMMON_BLOCKS = YES;
				GCC_OPTIMIZATION_LEVEL = 0;
				GCC_PREPROCESSOR_DEFINITIONS = (
					"DEBUG=1",
					"$(inherited)",
				);
				GCC_WARN_64_TO_32_BIT_CONVERSION = YES;
				GCC_WARN_ABOUT_RETURN_TYPE = YES_ERROR;
				GCC_WARN_UNDECLARED_SELECTOR = YES;
				GCC_WARN_UNINITIALIZED_AUTOS = YES_AGGRESSIVE;
				GCC_WARN_UNUSED_FUNCTION = YES;
				GCC_WARN_UNUSED_VARIABLE = YES;
				IPHONEOS_DEPLOYMENT_TARGET = 11.0;
				MTL_ENABLE_DEBUG_INFO = YES;
				ONLY_ACTIVE_ARCH = YES;
				SDKROOT = iphoneos;
				SWIFT_ACTIVE_COMPILATION_CONDITIONS = DEBUG;
				SWIFT_OPTIMIZATION_LEVEL = "-Onone";
			};
			name = Debug;
		};
		916D1DBC1F4F4823002266D3 /* Release */ = {
			isa = XCBuildConfiguration;
			buildSettings = {
				ALWAYS_SEARCH_USER_PATHS = NO;
				CLANG_ANALYZER_NONNULL = YES;
				CLANG_ANALYZER_NUMBER_OBJECT_CONVERSION = YES_AGGRESSIVE;
				CLANG_CXX_LANGUAGE_STANDARD = "gnu++14";
				CLANG_CXX_LIBRARY = "libc++";
				CLANG_ENABLE_MODULES = YES;
				CLANG_ENABLE_OBJC_ARC = YES;
				CLANG_WARN_BLOCK_CAPTURE_AUTORELEASING = YES;
				CLANG_WARN_BOOL_CONVERSION = YES;
				CLANG_WARN_COMMA = YES;
				CLANG_WARN_CONSTANT_CONVERSION = YES;
				CLANG_WARN_DIRECT_OBJC_ISA_USAGE = YES_ERROR;
				CLANG_WARN_DOCUMENTATION_COMMENTS = YES;
				CLANG_WARN_EMPTY_BODY = YES;
				CLANG_WARN_ENUM_CONVERSION = YES;
				CLANG_WARN_INFINITE_RECURSION = YES;
				CLANG_WARN_INT_CONVERSION = YES;
				CLANG_WARN_NON_LITERAL_NULL_CONVERSION = YES;
				CLANG_WARN_OBJC_LITERAL_CONVERSION = YES;
				CLANG_WARN_OBJC_ROOT_CLASS = YES_ERROR;
				CLANG_WARN_RANGE_LOOP_ANALYSIS = YES;
				CLANG_WARN_STRICT_PROTOTYPES = YES;
				CLANG_WARN_SUSPICIOUS_MOVE = YES;
				CLANG_WARN_UNGUARDED_AVAILABILITY = YES_AGGRESSIVE;
				CLANG_WARN_UNREACHABLE_CODE = YES;
				CLANG_WARN__DUPLICATE_METHOD_MATCH = YES;
				CODE_SIGN_IDENTITY = "iPhone Developer";
				COPY_PHASE_STRIP = NO;
				DEBUG_INFORMATION_FORMAT = "dwarf-with-dsym";
				ENABLE_NS_ASSERTIONS = NO;
				ENABLE_STRICT_OBJC_MSGSEND = YES;
				GCC_C_LANGUAGE_STANDARD = gnu11;
				GCC_NO_COMMON_BLOCKS = YES;
				GCC_WARN_64_TO_32_BIT_CONVERSION = YES;
				GCC_WARN_ABOUT_RETURN_TYPE = YES_ERROR;
				GCC_WARN_UNDECLARED_SELECTOR = YES;
				GCC_WARN_UNINITIALIZED_AUTOS = YES_AGGRESSIVE;
				GCC_WARN_UNUSED_FUNCTION = YES;
				GCC_WARN_UNUSED_VARIABLE = YES;
				IPHONEOS_DEPLOYMENT_TARGET = 11.0;
				MTL_ENABLE_DEBUG_INFO = NO;
				SDKROOT = iphoneos;
				SWIFT_OPTIMIZATION_LEVEL = "-Owholemodule";
				VALIDATE_PRODUCT = YES;
			};
			name = Release;
		};
		916D1DBE1F4F4823002266D3 /* Debug */ = {
			isa = XCBuildConfiguration;
			buildSettings = {
				ASSETCATALOG_COMPILER_APPICON_NAME = AppIcon;
				CODE_SIGN_STYLE = Automatic;
				DEVELOPMENT_TEAM = 3T3JERU4D3;
				INFOPLIST_FILE = MLFun/Info.plist;
				LD_RUNPATH_SEARCH_PATHS = "$(inherited) @executable_path/Frameworks";
				PRODUCT_BUNDLE_IDENTIFIER = com.aimee.MLFun;
				PRODUCT_NAME = "$(TARGET_NAME)";
				SWIFT_VERSION = 4.0;
				TARGETED_DEVICE_FAMILY = "1,2";
			};
			name = Debug;
		};
		916D1DBF1F4F4823002266D3 /* Release */ = {
			isa = XCBuildConfiguration;
			buildSettings = {
				ASSETCATALOG_COMPILER_APPICON_NAME = AppIcon;
				CODE_SIGN_STYLE = Automatic;
				DEVELOPMENT_TEAM = 3T3JERU4D3;
				INFOPLIST_FILE = MLFun/Info.plist;
				LD_RUNPATH_SEARCH_PATHS = "$(inherited) @executable_path/Frameworks";
				PRODUCT_BUNDLE_IDENTIFIER = com.aimee.MLFun;
				PRODUCT_NAME = "$(TARGET_NAME)";
				SWIFT_VERSION = 4.0;
				TARGETED_DEVICE_FAMILY = "1,2";
			};
			name = Release;
		};
/* End XCBuildConfiguration section */

/* Begin XCConfigurationList section */
		916D1DA61F4F4823002266D3 /* Build configuration list for PBXProject "MLFun" */ = {
			isa = XCConfigurationList;
			buildConfigurations = (
				916D1DBB1F4F4823002266D3 /* Debug */,
				916D1DBC1F4F4823002266D3 /* Release */,
			);
			defaultConfigurationIsVisible = 0;
			defaultConfigurationName = Release;
		};
		916D1DBD1F4F4823002266D3 /* Build configuration list for PBXNativeTarget "MLFun" */ = {
			isa = XCConfigurationList;
			buildConfigurations = (
				916D1DBE1F4F4823002266D3 /* Debug */,
				916D1DBF1F4F4823002266D3 /* Release */,
			);
			defaultConfigurationIsVisible = 0;
			defaultConfigurationName = Release;
		};
/* End XCConfigurationList section */
	};
	rootObject = 916D1DA31F4F4823002266D3 /* Project object */;
}
